
Microsoft Visual Studio Solution File, Format Version 12.00
# Visual Studio 15
VisualStudioVersion = 15.0.26730.16
MinimumVisualStudioVersion = 10.0.40219.1
Project("{FAE04EC0-301F-11D3-BF4B-00C04F79EFBC}") = "WorkingHour", "WorkingHour\WorkingHour.csproj", "{08A17CAA-36B9-45EE-8A8E-1A0E85F8301B}"
EndProject
Global
	GlobalSection(SolutionConfigurationPlatforms) = preSolution
		Debug|Any CPU = Debug|Any CPU
		Release|Any CPU = Release|Any CPU
	EndGlobalSection
	GlobalSection(ProjectConfigurationPlatforms) = postSolution
		{08A17CAA-36B9-45EE-8A8E-1A0E85F8301B}.Debug|Any CPU.ActiveCfg = Debug|Any CPU
		{08A17CAA-36B9-45EE-8A8E-1A0E85F8301B}.Debug|Any CPU.Build.0 = Debug|Any CPU
		{08A17CAA-36B9-45EE-8A8E-1A0E85F8301B}.Release|Any CPU.ActiveCfg = Release|Any CPU
		{08A17CAA-36B9-45EE-8A8E-1A0E85F8301B}.Release|Any CPU.Build.0 = Release|Any CPU
	EndGlobalSection
	GlobalSection(SolutionProperties) = preSolution
		HideSolutionNode = FALSE
	EndGlobalSection
	GlobalSection(ExtensibilityGlobals) = postSolution
		SolutionGuid = {BF5B81E7-4259-4D98-9D71-66853EC99BF1}
	EndGlobalSection
EndGlobal
